// !$*UTF8*$!
{
	archiveVersion = 1;
	classes = {
	};
	objectVersion = 55;
	objects = {

/* Begin PBXBuildFile section */
		EB6C40D727339592009DE2F2 /* CustomNavigationBar.swift in Sources */ = {isa = PBXBuildFile; fileRef = EB6C40D627339592009DE2F2 /* CustomNavigationBar.swift */; };
		EB6C40DB273395BF009DE2F2 /* CustomNavigationBar.xib in Resources */ = {isa = PBXBuildFile; fileRef = EB6C40DA273395BF009DE2F2 /* CustomNavigationBar.xib */; };
		EB70ACB02718781C00981D5D /* SF-Pro-Display-Regular.otf in Resources */ = {isa = PBXBuildFile; fileRef = EB70ACAF2718781C00981D5D /* SF-Pro-Display-Regular.otf */; };
		EB70ACB727188DEC00981D5D /* TabBarStoryboard.storyboard in Resources */ = {isa = PBXBuildFile; fileRef = EB70ACB627188DEC00981D5D /* TabBarStoryboard.storyboard */; };
		EB70ACC32718987900981D5D /* HomeVC.swift in Sources */ = {isa = PBXBuildFile; fileRef = EB70ACC22718987900981D5D /* HomeVC.swift */; };
		EB70ACC52718988700981D5D /* ShortsVC.swift in Sources */ = {isa = PBXBuildFile; fileRef = EB70ACC42718988700981D5D /* ShortsVC.swift */; };
		EB70ACC72718989300981D5D /* AddVC.swift in Sources */ = {isa = PBXBuildFile; fileRef = EB70ACC62718989300981D5D /* AddVC.swift */; };
		EB70ACC9271898A000981D5D /* SubscVC.swift in Sources */ = {isa = PBXBuildFile; fileRef = EB70ACC8271898A000981D5D /* SubscVC.swift */; };
		EB70ACCB271898AC00981D5D /* LibraryVC.swift in Sources */ = {isa = PBXBuildFile; fileRef = EB70ACCA271898AC00981D5D /* LibraryVC.swift */; };
		EB70ACCD271898C400981D5D /* TabBarController.swift in Sources */ = {isa = PBXBuildFile; fileRef = EB70ACCC271898C400981D5D /* TabBarController.swift */; };
		EB70ACCF271B4E9400981D5D /* NavigationController.swift in Sources */ = {isa = PBXBuildFile; fileRef = EB70ACCE271B4E9400981D5D /* NavigationController.swift */; };
		EB70AD23272A7A0600981D5D /* HomeStoryboard.storyboard in Resources */ = {isa = PBXBuildFile; fileRef = EB70AD22272A7A0600981D5D /* HomeStoryboard.storyboard */; };
		EB70AD26272A8E3600981D5D /* HomeTableViewCell.swift in Sources */ = {isa = PBXBuildFile; fileRef = EB70AD24272A8E3600981D5D /* HomeTableViewCell.swift */; };
		EB70AD27272A8E3600981D5D /* HomeTableViewCell.xib in Resources */ = {isa = PBXBuildFile; fileRef = EB70AD25272A8E3600981D5D /* HomeTableViewCell.xib */; };
		EB70AD29272A980800981D5D /* HomeTableViewDataModel.swift in Sources */ = {isa = PBXBuildFile; fileRef = EB70AD28272A980800981D5D /* HomeTableViewDataModel.swift */; };
		EB70AD2C272B81EF00981D5D /* HomeVCCollectionViewCell.swift in Sources */ = {isa = PBXBuildFile; fileRef = EB70AD2A272B81EE00981D5D /* HomeVCCollectionViewCell.swift */; };
		EB70AD2D272B81EF00981D5D /* HomeVCCollectionViewCell.xib in Resources */ = {isa = PBXBuildFile; fileRef = EB70AD2B272B81EF00981D5D /* HomeVCCollectionViewCell.xib */; };
		EB70AD2F272B8C2300981D5D /* HomeCollectionViewContentDataModel.swift in Sources */ = {isa = PBXBuildFile; fileRef = EB70AD2E272B8C2300981D5D /* HomeCollectionViewContentDataModel.swift */; };
		EB70AD32272BC29400981D5D /* HomeCategoryViewCell.swift in Sources */ = {isa = PBXBuildFile; fileRef = EB70AD30272BC29300981D5D /* HomeCategoryViewCell.swift */; };
		EB70AD33272BC29400981D5D /* HomeCategoryViewCell.xib in Resources */ = {isa = PBXBuildFile; fileRef = EB70AD31272BC29300981D5D /* HomeCategoryViewCell.xib */; };
		EB70AD35272BC37200981D5D /* HomeCategoryViewDataModel.swift in Sources */ = {isa = PBXBuildFile; fileRef = EB70AD34272BC37200981D5D /* HomeCategoryViewDataModel.swift */; };
		EB92ADDC270DE14B008677B4 /* AppDelegate.swift in Sources */ = {isa = PBXBuildFile; fileRef = EB92ADDB270DE14B008677B4 /* AppDelegate.swift */; };
		EB92ADDE270DE14B008677B4 /* SceneDelegate.swift in Sources */ = {isa = PBXBuildFile; fileRef = EB92ADDD270DE14B008677B4 /* SceneDelegate.swift */; };
		EB92ADE3270DE14B008677B4 /* Main.storyboard in Resources */ = {isa = PBXBuildFile; fileRef = EB92ADE1270DE14B008677B4 /* Main.storyboard */; };
		EB92ADE5270DE14E008677B4 /* Assets.xcassets in Resources */ = {isa = PBXBuildFile; fileRef = EB92ADE4270DE14E008677B4 /* Assets.xcassets */; };
		EB92ADE8270DE14E008677B4 /* LaunchScreen.storyboard in Resources */ = {isa = PBXBuildFile; fileRef = EB92ADE6270DE14E008677B4 /* LaunchScreen.storyboard */; };
		EB92ADF0270E132E008677B4 /* LoginVC.swift in Sources */ = {isa = PBXBuildFile; fileRef = EB92ADEF270E132E008677B4 /* LoginVC.swift */; };
		EB92ADF2270E1343008677B4 /* WelcomeVC.swift in Sources */ = {isa = PBXBuildFile; fileRef = EB92ADF1270E1343008677B4 /* WelcomeVC.swift */; };
		EB92ADF6270F6757008677B4 /* SignUpVC.swift in Sources */ = {isa = PBXBuildFile; fileRef = EB92ADF5270F6757008677B4 /* SignUpVC.swift */; };
/* End PBXBuildFile section */

/* Begin PBXFileReference section */
		EB6C40D627339592009DE2F2 /* CustomNavigationBar.swift */ = {isa = PBXFileReference; lastKnownFileType = sourcecode.swift; path = CustomNavigationBar.swift; sourceTree = "<group>"; };
		EB6C40DA273395BF009DE2F2 /* CustomNavigationBar.xib */ = {isa = PBXFileReference; lastKnownFileType = file.xib; path = CustomNavigationBar.xib; sourceTree = "<group>"; };
		EB70ACAF2718781C00981D5D /* SF-Pro-Display-Regular.otf */ = {isa = PBXFileReference; lastKnownFileType = file; path = "SF-Pro-Display-Regular.otf"; sourceTree = "<group>"; };
		EB70ACB627188DEC00981D5D /* TabBarStoryboard.storyboard */ = {isa = PBXFileReference; lastKnownFileType = file.storyboard; path = TabBarStoryboard.storyboard; sourceTree = "<group>"; };
		EB70ACC22718987900981D5D /* HomeVC.swift */ = {isa = PBXFileReference; lastKnownFileType = sourcecode.swift; path = HomeVC.swift; sourceTree = "<group>"; };
		EB70ACC42718988700981D5D /* ShortsVC.swift */ = {isa = PBXFileReference; lastKnownFileType = sourcecode.swift; path = ShortsVC.swift; sourceTree = "<group>"; };
		EB70ACC62718989300981D5D /* AddVC.swift */ = {isa = PBXFileReference; lastKnownFileType = sourcecode.swift; path = AddVC.swift; sourceTree = "<group>"; };
		EB70ACC8271898A000981D5D /* SubscVC.swift */ = {isa = PBXFileReference; lastKnownFileType = sourcecode.swift; path = SubscVC.swift; sourceTree = "<group>"; };
		EB70ACCA271898AC00981D5D /* LibraryVC.swift */ = {isa = PBXFileReference; lastKnownFileType = sourcecode.swift; path = LibraryVC.swift; sourceTree = "<group>"; };
		EB70ACCC271898C400981D5D /* TabBarController.swift */ = {isa = PBXFileReference; lastKnownFileType = sourcecode.swift; path = TabBarController.swift; sourceTree = "<group>"; };
		EB70ACCE271B4E9400981D5D /* NavigationController.swift */ = {isa = PBXFileReference; lastKnownFileType = sourcecode.swift; path = NavigationController.swift; sourceTree = "<group>"; };
		EB70AD22272A7A0600981D5D /* HomeStoryboard.storyboard */ = {isa = PBXFileReference; lastKnownFileType = file.storyboard; path = HomeStoryboard.storyboard; sourceTree = "<group>"; };
		EB70AD24272A8E3600981D5D /* HomeTableViewCell.swift */ = {isa = PBXFileReference; lastKnownFileType = sourcecode.swift; path = HomeTableViewCell.swift; sourceTree = "<group>"; };
		EB70AD25272A8E3600981D5D /* HomeTableViewCell.xib */ = {isa = PBXFileReference; lastKnownFileType = file.xib; path = HomeTableViewCell.xib; sourceTree = "<group>"; };
		EB70AD28272A980800981D5D /* HomeTableViewDataModel.swift */ = {isa = PBXFileReference; lastKnownFileType = sourcecode.swift; path = HomeTableViewDataModel.swift; sourceTree = "<group>"; };
		EB70AD2A272B81EE00981D5D /* HomeVCCollectionViewCell.swift */ = {isa = PBXFileReference; lastKnownFileType = sourcecode.swift; path = HomeVCCollectionViewCell.swift; sourceTree = "<group>"; };
		EB70AD2B272B81EF00981D5D /* HomeVCCollectionViewCell.xib */ = {isa = PBXFileReference; lastKnownFileType = file.xib; path = HomeVCCollectionViewCell.xib; sourceTree = "<group>"; };
		EB70AD2E272B8C2300981D5D /* HomeCollectionViewContentDataModel.swift */ = {isa = PBXFileReference; lastKnownFileType = sourcecode.swift; path = HomeCollectionViewContentDataModel.swift; sourceTree = "<group>"; };
		EB70AD30272BC29300981D5D /* HomeCategoryViewCell.swift */ = {isa = PBXFileReference; lastKnownFileType = sourcecode.swift; path = HomeCategoryViewCell.swift; sourceTree = "<group>"; };
		EB70AD31272BC29300981D5D /* HomeCategoryViewCell.xib */ = {isa = PBXFileReference; lastKnownFileType = file.xib; path = HomeCategoryViewCell.xib; sourceTree = "<group>"; };
		EB70AD34272BC37200981D5D /* HomeCategoryViewDataModel.swift */ = {isa = PBXFileReference; lastKnownFileType = sourcecode.swift; path = HomeCategoryViewDataModel.swift; sourceTree = "<group>"; };
		EB92ADD8270DE14B008677B4 /* SOPT_iOS_HW1.app */ = {isa = PBXFileReference; explicitFileType = wrapper.application; includeInIndex = 0; path = SOPT_iOS_HW1.app; sourceTree = BUILT_PRODUCTS_DIR; };
		EB92ADDB270DE14B008677B4 /* AppDelegate.swift */ = {isa = PBXFileReference; lastKnownFileType = sourcecode.swift; path = AppDelegate.swift; sourceTree = "<group>"; };
		EB92ADDD270DE14B008677B4 /* SceneDelegate.swift */ = {isa = PBXFileReference; lastKnownFileType = sourcecode.swift; path = SceneDelegate.swift; sourceTree = "<group>"; };
		EB92ADE2270DE14B008677B4 /* Base */ = {isa = PBXFileReference; lastKnownFileType = file.storyboard; name = Base; path = Base.lproj/Main.storyboard; sourceTree = "<group>"; };
		EB92ADE4270DE14E008677B4 /* Assets.xcassets */ = {isa = PBXFileReference; lastKnownFileType = folder.assetcatalog; path = Assets.xcassets; sourceTree = "<group>"; };
		EB92ADE7270DE14E008677B4 /* Base */ = {isa = PBXFileReference; lastKnownFileType = file.storyboard; name = Base; path = Base.lproj/LaunchScreen.storyboard; sourceTree = "<group>"; };
		EB92ADE9270DE14E008677B4 /* Info.plist */ = {isa = PBXFileReference; lastKnownFileType = text.plist.xml; path = Info.plist; sourceTree = "<group>"; };
		EB92ADEF270E132E008677B4 /* LoginVC.swift */ = {isa = PBXFileReference; lastKnownFileType = sourcecode.swift; path = LoginVC.swift; sourceTree = "<group>"; };
		EB92ADF1270E1343008677B4 /* WelcomeVC.swift */ = {isa = PBXFileReference; lastKnownFileType = sourcecode.swift; path = WelcomeVC.swift; sourceTree = "<group>"; };
		EB92ADF5270F6757008677B4 /* SignUpVC.swift */ = {isa = PBXFileReference; lastKnownFileType = sourcecode.swift; path = SignUpVC.swift; sourceTree = "<group>"; };
/* End PBXFileReference section */

/* Begin PBXFrameworksBuildPhase section */
		EB92ADD5270DE14B008677B4 /* Frameworks */ = {
			isa = PBXFrameworksBuildPhase;
			buildActionMask = 2147483647;
			files = (
			);
			runOnlyForDeploymentPostprocessing = 0;
		};
/* End PBXFrameworksBuildPhase section */

/* Begin PBXGroup section */
		EB6C40CB27338EEE009DE2F2 /* Sources */ = {
			isa = PBXGroup;
			children = (
				EB6C40D127338FBD009DE2F2 /* Cells */,
				EB6C40CF27338FAE009DE2F2 /* VCs */,
				EB6C40D027338FB6009DE2F2 /* Classes */,
				EB6C40D227338FC4009DE2F2 /* Designs */,
				EB6C40D327338FCA009DE2F2 /* Models */,
			);
			path = Sources;
			sourceTree = "<group>";
		};
		EB6C40CC27338F01009DE2F2 /* Resources */ = {
			isa = PBXGroup;
			children = (
				EB70ACB1271878B900981D5D /* SupportingFiles */,
				EB92ADDB270DE14B008677B4 /* AppDelegate.swift */,
				EB92ADDD270DE14B008677B4 /* SceneDelegate.swift */,
				EB6C40CD27338F6D009DE2F2 /* Storyboards */,
				EB92ADE4270DE14E008677B4 /* Assets.xcassets */,
				EB6C40CE27338F9A009DE2F2 /* APIServices */,
			);
			path = Resources;
			sourceTree = "<group>";
		};
		EB6C40CD27338F6D009DE2F2 /* Storyboards */ = {
			isa = PBXGroup;
			children = (
				EB92ADE1270DE14B008677B4 /* Main.storyboard */,
				EB70ACB627188DEC00981D5D /* TabBarStoryboard.storyboard */,
				EB70AD22272A7A0600981D5D /* HomeStoryboard.storyboard */,
			);
			path = Storyboards;
			sourceTree = "<group>";
		};
		EB6C40CE27338F9A009DE2F2 /* APIServices */ = {
			isa = PBXGroup;
			children = (
			);
			path = APIServices;
			sourceTree = "<group>";
		};
		EB6C40CF27338FAE009DE2F2 /* VCs */ = {
			isa = PBXGroup;
			children = (
				EB70ACCE271B4E9400981D5D /* NavigationController.swift */,
				EB92ADEF270E132E008677B4 /* LoginVC.swift */,
				EB92ADF1270E1343008677B4 /* WelcomeVC.swift */,
				EB92ADF5270F6757008677B4 /* SignUpVC.swift */,
				EB6C40D627339592009DE2F2 /* CustomNavigationBar.swift */,
				EB6C40DA273395BF009DE2F2 /* CustomNavigationBar.xib */,
				EB70ACCC271898C400981D5D /* TabBarController.swift */,
				EB70ACC22718987900981D5D /* HomeVC.swift */,
				EB70ACC42718988700981D5D /* ShortsVC.swift */,
				EB70ACC62718989300981D5D /* AddVC.swift */,
				EB70ACC8271898A000981D5D /* SubscVC.swift */,
				EB70ACCA271898AC00981D5D /* LibraryVC.swift */,
			);
			path = VCs;
			sourceTree = "<group>";
		};
		EB6C40D027338FB6009DE2F2 /* Classes */ = {
			isa = PBXGroup;
			children = (
			);
			path = Classes;
			sourceTree = "<group>";
		};
		EB6C40D127338FBD009DE2F2 /* Cells */ = {
			isa = PBXGroup;
			children = (
				EB70AD2B272B81EF00981D5D /* HomeVCCollectionViewCell.xib */,
				EB70AD2A272B81EE00981D5D /* HomeVCCollectionViewCell.swift */,
				EB70AD31272BC29300981D5D /* HomeCategoryViewCell.xib */,
				EB70AD30272BC29300981D5D /* HomeCategoryViewCell.swift */,
				EB70AD25272A8E3600981D5D /* HomeTableViewCell.xib */,
				EB70AD24272A8E3600981D5D /* HomeTableViewCell.swift */,
			);
			path = Cells;
			sourceTree = "<group>";
		};
		EB6C40D227338FC4009DE2F2 /* Designs */ = {
			isa = PBXGroup;
			children = (
			);
			path = Designs;
			sourceTree = "<group>";
		};
		EB6C40D327338FCA009DE2F2 /* Models */ = {
			isa = PBXGroup;
			children = (
				EB70AD2E272B8C2300981D5D /* HomeCollectionViewContentDataModel.swift */,
				EB70AD28272A980800981D5D /* HomeTableViewDataModel.swift */,
				EB70AD34272BC37200981D5D /* HomeCategoryViewDataModel.swift */,
			);
			path = Models;
			sourceTree = "<group>";
		};
		EB70ACB1271878B900981D5D /* SupportingFiles */ = {
			isa = PBXGroup;
			children = (
				EB70ACB2271878D900981D5D /* Fonts */,
			);
			path = SupportingFiles;
			sourceTree = "<group>";
		};
		EB70ACB2271878D900981D5D /* Fonts */ = {
			isa = PBXGroup;
			children = (
				EB70ACAF2718781C00981D5D /* SF-Pro-Display-Regular.otf */,
			);
			path = Fonts;
			sourceTree = "<group>";
		};
		EB92ADCF270DE14B008677B4 = {
			isa = PBXGroup;
			children = (
				EB92ADDA270DE14B008677B4 /* SOPT_iOS_HW */,
				EB92ADD9270DE14B008677B4 /* Products */,
			);
			sourceTree = "<group>";
		};
		EB92ADD9270DE14B008677B4 /* Products */ = {
			isa = PBXGroup;
			children = (
				EB92ADD8270DE14B008677B4 /* SOPT_iOS_HW1.app */,
			);
			name = Products;
			sourceTree = "<group>";
		};
		EB92ADDA270DE14B008677B4 /* SOPT_iOS_HW */ = {
			isa = PBXGroup;
			children = (
				EB6C40CC27338F01009DE2F2 /* Resources */,
				EB6C40CB27338EEE009DE2F2 /* Sources */,
				EB92ADE6270DE14E008677B4 /* LaunchScreen.storyboard */,
				EB92ADE9270DE14E008677B4 /* Info.plist */,
			);
			path = SOPT_iOS_HW;
			sourceTree = "<group>";
		};
/* End PBXGroup section */

/* Begin PBXNativeTarget section */
		EB92ADD7270DE14B008677B4 /* SOPT_iOS_HW1 */ = {
			isa = PBXNativeTarget;
			buildConfigurationList = EB92ADEC270DE14E008677B4 /* Build configuration list for PBXNativeTarget "SOPT_iOS_HW1" */;
			buildPhases = (
				EB92ADD4270DE14B008677B4 /* Sources */,
				EB92ADD5270DE14B008677B4 /* Frameworks */,
				EB92ADD6270DE14B008677B4 /* Resources */,
			);
			buildRules = (
			);
			dependencies = (
			);
			name = SOPT_iOS_HW1;
			productName = SOPT_iOS_HW1;
			productReference = EB92ADD8270DE14B008677B4 /* SOPT_iOS_HW1.app */;
			productType = "com.apple.product-type.application";
		};
/* End PBXNativeTarget section */

/* Begin PBXProject section */
		EB92ADD0270DE14B008677B4 /* Project object */ = {
			isa = PBXProject;
			attributes = {
				BuildIndependentTargetsInParallel = 1;
				LastSwiftUpdateCheck = 1300;
				LastUpgradeCheck = 1300;
				TargetAttributes = {
					EB92ADD7270DE14B008677B4 = {
						CreatedOnToolsVersion = 13.0;
					};
				};
			};
			buildConfigurationList = EB92ADD3270DE14B008677B4 /* Build configuration list for PBXProject "SOPT_iOS_HW" */;
			compatibilityVersion = "Xcode 13.0";
			developmentRegion = en;
			hasScannedForEncodings = 0;
			knownRegions = (
				en,
				Base,
			);
			mainGroup = EB92ADCF270DE14B008677B4;
			productRefGroup = EB92ADD9270DE14B008677B4 /* Products */;
			projectDirPath = "";
			projectRoot = "";
			targets = (
				EB92ADD7270DE14B008677B4 /* SOPT_iOS_HW1 */,
			);
		};
/* End PBXProject section */

/* Begin PBXResourcesBuildPhase section */
		EB92ADD6270DE14B008677B4 /* Resources */ = {
			isa = PBXResourcesBuildPhase;
			buildActionMask = 2147483647;
			files = (
				EB92ADE8270DE14E008677B4 /* LaunchScreen.storyboard in Resources */,
				EB70AD27272A8E3600981D5D /* HomeTableViewCell.xib in Resources */,
				EB92ADE5270DE14E008677B4 /* Assets.xcassets in Resources */,
				EB70AD23272A7A0600981D5D /* HomeStoryboard.storyboard in Resources */,
				EB70ACB02718781C00981D5D /* SF-Pro-Display-Regular.otf in Resources */,
				EB92ADE3270DE14B008677B4 /* Main.storyboard in Resources */,
				EB6C40DB273395BF009DE2F2 /* CustomNavigationBar.xib in Resources */,
				EB70AD33272BC29400981D5D /* HomeCategoryViewCell.xib in Resources */,
				EB70AD2D272B81EF00981D5D /* HomeVCCollectionViewCell.xib in Resources */,
				EB70ACB727188DEC00981D5D /* TabBarStoryboard.storyboard in Resources */,
			);
			runOnlyForDeploymentPostprocessing = 0;
		};
/* End PBXResourcesBuildPhase section */

/* Begin PBXSourcesBuildPhase section */
		EB92ADD4270DE14B008677B4 /* Sources */ = {
			isa = PBXSourcesBuildPhase;
			buildActionMask = 2147483647;
			files = (
				EB92ADDC270DE14B008677B4 /* AppDelegate.swift in Sources */,
				EB70ACCF271B4E9400981D5D /* NavigationController.swift in Sources */,
				EB70AD29272A980800981D5D /* HomeTableViewDataModel.swift in Sources */,
				EB70AD26272A8E3600981D5D /* HomeTableViewCell.swift in Sources */,
				EB70ACC32718987900981D5D /* HomeVC.swift in Sources */,
				EB70AD35272BC37200981D5D /* HomeCategoryViewDataModel.swift in Sources */,
				EB70AD32272BC29400981D5D /* HomeCategoryViewCell.swift in Sources */,
				EB70ACCD271898C400981D5D /* TabBarController.swift in Sources */,
				EB70ACC52718988700981D5D /* ShortsVC.swift in Sources */,
				EB92ADDE270DE14B008677B4 /* SceneDelegate.swift in Sources */,
				EB70ACC72718989300981D5D /* AddVC.swift in Sources */,
				EB92ADF6270F6757008677B4 /* SignUpVC.swift in Sources */,
				EB70AD2C272B81EF00981D5D /* HomeVCCollectionViewCell.swift in Sources */,
				EB70AD2F272B8C2300981D5D /* HomeCollectionViewContentDataModel.swift in Sources */,
				EB70ACC9271898A000981D5D /* SubscVC.swift in Sources */,
				EB6C40D727339592009DE2F2 /* CustomNavigationBar.swift in Sources */,
				EB92ADF2270E1343008677B4 /* WelcomeVC.swift in Sources */,
				EB70ACCB271898AC00981D5D /* LibraryVC.swift in Sources */,
				EB92ADF0270E132E008677B4 /* LoginVC.swift in Sources */,
			);
			runOnlyForDeploymentPostprocessing = 0;
		};
/* End PBXSourcesBuildPhase section */

/* Begin PBXVariantGroup section */
		EB92ADE1270DE14B008677B4 /* Main.storyboard */ = {
			isa = PBXVariantGroup;
			children = (
				EB92ADE2270DE14B008677B4 /* Base */,
			);
			name = Main.storyboard;
			sourceTree = "<group>";
		};
		EB92ADE6270DE14E008677B4 /* LaunchScreen.storyboard */ = {
			isa = PBXVariantGroup;
			children = (
				EB92ADE7270DE14E008677B4 /* Base */,
			);
			name = LaunchScreen.storyboard;
			sourceTree = "<group>";
		};
/* End PBXVariantGroup section */

/* Begin XCBuildConfiguration section */
		EB92ADEA270DE14E008677B4 /* Debug */ = {
			isa = XCBuildConfiguration;
			buildSettings = {
				ALWAYS_SEARCH_USER_PATHS = NO;
				CLANG_ANALYZER_NONNULL = YES;
				CLANG_ANALYZER_NUMBER_OBJECT_CONVERSION = YES_AGGRESSIVE;
				CLANG_CXX_LANGUAGE_STANDARD = "gnu++17";
				CLANG_CXX_LIBRARY = "libc++";
				CLANG_ENABLE_MODULES = YES;
				CLANG_ENABLE_OBJC_ARC = YES;
				CLANG_ENABLE_OBJC_WEAK = YES;
				CLANG_WARN_BLOCK_CAPTURE_AUTORELEASING = YES;
				CLANG_WARN_BOOL_CONVERSION = YES;
				CLANG_WARN_COMMA = YES;
				CLANG_WARN_CONSTANT_CONVERSION = YES;
				CLANG_WARN_DEPRECATED_OBJC_IMPLEMENTATIONS = YES;
				CLANG_WARN_DIRECT_OBJC_ISA_USAGE = YES_ERROR;
				CLANG_WARN_DOCUMENTATION_COMMENTS = YES;
				CLANG_WARN_EMPTY_BODY = YES;
				CLANG_WARN_ENUM_CONVERSION = YES;
				CLANG_WARN_INFINITE_RECURSION = YES;
				CLANG_WARN_INT_CONVERSION = YES;
				CLANG_WARN_NON_LITERAL_NULL_CONVERSION = YES;
				CLANG_WARN_OBJC_IMPLICIT_RETAIN_SELF = YES;
				CLANG_WARN_OBJC_LITERAL_CONVERSION = YES;
				CLANG_WARN_OBJC_ROOT_CLASS = YES_ERROR;
				CLANG_WARN_QUOTED_INCLUDE_IN_FRAMEWORK_HEADER = YES;
				CLANG_WARN_RANGE_LOOP_ANALYSIS = YES;
				CLANG_WARN_STRICT_PROTOTYPES = YES;
				CLANG_WARN_SUSPICIOUS_MOVE = YES;
				CLANG_WARN_UNGUARDED_AVAILABILITY = YES_AGGRESSIVE;
				CLANG_WARN_UNREACHABLE_CODE = YES;
				CLANG_WARN__DUPLICATE_METHOD_MATCH = YES;
				COPY_PHASE_STRIP = NO;
				DEBUG_INFORMATION_FORMAT = dwarf;
				ENABLE_STRICT_OBJC_MSGSEND = YES;
				ENABLE_TESTABILITY = YES;
				GCC_C_LANGUAGE_STANDARD = gnu11;
				GCC_DYNAMIC_NO_PIC = NO;
				GCC_NO_COMMON_BLOCKS = YES;
				GCC_OPTIMIZATION_LEVEL = 0;
				GCC_PREPROCESSOR_DEFINITIONS = (
					"DEBUG=1",
					"$(inherited)",
				);
				GCC_WARN_64_TO_32_BIT_CONVERSION = YES;
				GCC_WARN_ABOUT_RETURN_TYPE = YES_ERROR;
				GCC_WARN_UNDECLARED_SELECTOR = YES;
				GCC_WARN_UNINITIALIZED_AUTOS = YES_AGGRESSIVE;
				GCC_WARN_UNUSED_FUNCTION = YES;
				GCC_WARN_UNUSED_VARIABLE = YES;
				IPHONEOS_DEPLOYMENT_TARGET = 15.0;
				MTL_ENABLE_DEBUG_INFO = INCLUDE_SOURCE;
				MTL_FAST_MATH = YES;
				ONLY_ACTIVE_ARCH = YES;
				SDKROOT = iphoneos;
				SWIFT_ACTIVE_COMPILATION_CONDITIONS = DEBUG;
				SWIFT_OPTIMIZATION_LEVEL = "-Onone";
			};
			name = Debug;
		};
		EB92ADEB270DE14E008677B4 /* Release */ = {
			isa = XCBuildConfiguration;
			buildSettings = {
				ALWAYS_SEARCH_USER_PATHS = NO;
				CLANG_ANALYZER_NONNULL = YES;
				CLANG_ANALYZER_NUMBER_OBJECT_CONVERSION = YES_AGGRESSIVE;
				CLANG_CXX_LANGUAGE_STANDARD = "gnu++17";
				CLANG_CXX_LIBRARY = "libc++";
				CLANG_ENABLE_MODULES = YES;
				CLANG_ENABLE_OBJC_ARC = YES;
				CLANG_ENABLE_OBJC_WEAK = YES;
				CLANG_WARN_BLOCK_CAPTURE_AUTORELEASING = YES;
				CLANG_WARN_BOOL_CONVERSION = YES;
				CLANG_WARN_COMMA = YES;
				CLANG_WARN_CONSTANT_CONVERSION = YES;
				CLANG_WARN_DEPRECATED_OBJC_IMPLEMENTATIONS = YES;
				CLANG_WARN_DIRECT_OBJC_ISA_USAGE = YES_ERROR;
				CLANG_WARN_DOCUMENTATION_COMMENTS = YES;
				CLANG_WARN_EMPTY_BODY = YES;
				CLANG_WARN_ENUM_CONVERSION = YES;
				CLANG_WARN_INFINITE_RECURSION = YES;
				CLANG_WARN_INT_CONVERSION = YES;
				CLANG_WARN_NON_LITERAL_NULL_CONVERSION = YES;
				CLANG_WARN_OBJC_IMPLICIT_RETAIN_SELF = YES;
				CLANG_WARN_OBJC_LITERAL_CONVERSION = YES;
				CLANG_WARN_OBJC_ROOT_CLASS = YES_ERROR;
				CLANG_WARN_QUOTED_INCLUDE_IN_FRAMEWORK_HEADER = YES;
				CLANG_WARN_RANGE_LOOP_ANALYSIS = YES;
				CLANG_WARN_STRICT_PROTOTYPES = YES;
				CLANG_WARN_SUSPICIOUS_MOVE = YES;
				CLANG_WARN_UNGUARDED_AVAILABILITY = YES_AGGRESSIVE;
				CLANG_WARN_UNREACHABLE_CODE = YES;
				CLANG_WARN__DUPLICATE_METHOD_MATCH = YES;
				COPY_PHASE_STRIP = NO;
				DEBUG_INFORMATION_FORMAT = "dwarf-with-dsym";
				ENABLE_NS_ASSERTIONS = NO;
				ENABLE_STRICT_OBJC_MSGSEND = YES;
				GCC_C_LANGUAGE_STANDARD = gnu11;
				GCC_NO_COMMON_BLOCKS = YES;
				GCC_WARN_64_TO_32_BIT_CONVERSION = YES;
				GCC_WARN_ABOUT_RETURN_TYPE = YES_ERROR;
				GCC_WARN_UNDECLARED_SELECTOR = YES;
				GCC_WARN_UNINITIALIZED_AUTOS = YES_AGGRESSIVE;
				GCC_WARN_UNUSED_FUNCTION = YES;
				GCC_WARN_UNUSED_VARIABLE = YES;
				IPHONEOS_DEPLOYMENT_TARGET = 15.0;
				MTL_ENABLE_DEBUG_INFO = NO;
				MTL_FAST_MATH = YES;
				SDKROOT = iphoneos;
				SWIFT_COMPILATION_MODE = wholemodule;
				SWIFT_OPTIMIZATION_LEVEL = "-O";
				VALIDATE_PRODUCT = YES;
			};
			name = Release;
		};
		EB92ADED270DE14E008677B4 /* Debug */ = {
			isa = XCBuildConfiguration;
			buildSettings = {
				ASSETCATALOG_COMPILER_APPICON_NAME = AppIcon;
				ASSETCATALOG_COMPILER_GLOBAL_ACCENT_COLOR_NAME = AccentColor;
				CODE_SIGN_STYLE = Automatic;
				CURRENT_PROJECT_VERSION = 1;
				DEVELOPMENT_TEAM = FY8N9XTH66;
				GENERATE_INFOPLIST_FILE = YES;
				INFOPLIST_FILE = SOPT_iOS_HW/Info.plist;
				INFOPLIST_KEY_UIApplicationSupportsIndirectInputEvents = YES;
				INFOPLIST_KEY_UILaunchStoryboardName = LaunchScreen;
				INFOPLIST_KEY_UIMainStoryboardFile = Main;
				INFOPLIST_KEY_UISupportedInterfaceOrientations_iPad = "UIInterfaceOrientationPortrait UIInterfaceOrientationPortraitUpsideDown UIInterfaceOrientationLandscapeLeft UIInterfaceOrientationLandscapeRight";
				INFOPLIST_KEY_UISupportedInterfaceOrientations_iPhone = "UIInterfaceOrientationPortrait UIInterfaceOrientationLandscapeLeft UIInterfaceOrientationLandscapeRight";
				LD_RUNPATH_SEARCH_PATHS = (
					"$(inherited)",
					"@executable_path/Frameworks",
				);
				MARKETING_VERSION = 1.0;
				PRODUCT_BUNDLE_IDENTIFIER = "com.seolagir.SOPT-iOS-HW";
				PRODUCT_NAME = "$(TARGET_NAME)";
				SWIFT_EMIT_LOC_STRINGS = YES;
				SWIFT_VERSION = 5.0;
				TARGETED_DEVICE_FAMILY = "1,2";
			};
			name = Debug;
		};
		EB92ADEE270DE14E008677B4 /* Release */ = {
			isa = XCBuildConfiguration;
			buildSettings = {
				ASSETCATALOG_COMPILER_APPICON_NAME = AppIcon;
				ASSETCATALOG_COMPILER_GLOBAL_ACCENT_COLOR_NAME = AccentColor;
				CODE_SIGN_STYLE = Automatic;
				CURRENT_PROJECT_VERSION = 1;
				DEVELOPMENT_TEAM = FY8N9XTH66;
				GENERATE_INFOPLIST_FILE = YES;
				INFOPLIST_FILE = SOPT_iOS_HW/Info.plist;
				INFOPLIST_KEY_UIApplicationSupportsIndirectInputEvents = YES;
				INFOPLIST_KEY_UILaunchStoryboardName = LaunchScreen;
				INFOPLIST_KEY_UIMainStoryboardFile = Main;
				INFOPLIST_KEY_UISupportedInterfaceOrientations_iPad = "UIInterfaceOrientationPortrait UIInterfaceOrientationPortraitUpsideDown UIInterfaceOrientationLandscapeLeft UIInterfaceOrientationLandscapeRight";
				INFOPLIST_KEY_UISupportedInterfaceOrientations_iPhone = "UIInterfaceOrientationPortrait UIInterfaceOrientationLandscapeLeft UIInterfaceOrientationLandscapeRight";
				LD_RUNPATH_SEARCH_PATHS = (
					"$(inherited)",
					"@executable_path/Frameworks",
				);
				MARKETING_VERSION = 1.0;
				PRODUCT_BUNDLE_IDENTIFIER = "com.seolagir.SOPT-iOS-HW";
				PRODUCT_NAME = "$(TARGET_NAME)";
				SWIFT_EMIT_LOC_STRINGS = YES;
				SWIFT_VERSION = 5.0;
				TARGETED_DEVICE_FAMILY = "1,2";
			};
			name = Release;
		};
/* End XCBuildConfiguration section */

/* Begin XCConfigurationList section */
		EB92ADD3270DE14B008677B4 /* Build configuration list for PBXProject "SOPT_iOS_HW" */ = {
			isa = XCConfigurationList;
			buildConfigurations = (
				EB92ADEA270DE14E008677B4 /* Debug */,
				EB92ADEB270DE14E008677B4 /* Release */,
			);
			defaultConfigurationIsVisible = 0;
			defaultConfigurationName = Release;
		};
		EB92ADEC270DE14E008677B4 /* Build configuration list for PBXNativeTarget "SOPT_iOS_HW1" */ = {
			isa = XCConfigurationList;
			buildConfigurations = (
				EB92ADED270DE14E008677B4 /* Debug */,
				EB92ADEE270DE14E008677B4 /* Release */,
			);
			defaultConfigurationIsVisible = 0;
			defaultConfigurationName = Release;
		};
/* End XCConfigurationList section */
	};
	rootObject = EB92ADD0270DE14B008677B4 /* Project object */;
}
